
Microsoft Visual Studio Solution File, Format Version 11.00
# Visual Studio 2010
Project("{FAE04EC0-301F-11D3-BF4B-00C04F79EFBC}") = "Sukoku", "Sukoku\Sukoku.csproj", "{79068888-B03D-4874-ADDC-6A9F31FC6A74}"
EndProject
Project("{FAE04EC0-301F-11D3-BF4B-00C04F79EFBC}") = "Sudoku.Core", "Sudoku.Core\Sudoku.Core.csproj", "{BDE08307-05F0-49BF-AD47-637DBC498EBD}"
EndProject
Project("{FAE04EC0-301F-11D3-BF4B-00C04F79EFBC}") = "Sudoku.Test", "Sudoku.Test\Sudoku.Test.csproj", "{765F0627-0AD0-4959-82BF-63CFC25F4C09}"
EndProject
Global
	GlobalSection(SolutionConfigurationPlatforms) = preSolution
		Debug|Any CPU = Debug|Any CPU
		Debug|Mixed Platforms = Debug|Mixed Platforms
		Debug|x86 = Debug|x86
		Release|Any CPU = Release|Any CPU
		Release|Mixed Platforms = Release|Mixed Platforms
		Release|x86 = Release|x86
	EndGlobalSection
	GlobalSection(ProjectConfigurationPlatforms) = postSolution
		{79068888-B03D-4874-ADDC-6A9F31FC6A74}.Debug|Any CPU.ActiveCfg = Debug|x86
		{79068888-B03D-4874-ADDC-6A9F31FC6A74}.Debug|Mixed Platforms.ActiveCfg = Debug|x86
		{79068888-B03D-4874-ADDC-6A9F31FC6A74}.Debug|Mixed Platforms.Build.0 = Debug|x86
		{79068888-B03D-4874-ADDC-6A9F31FC6A74}.Debug|x86.ActiveCfg = Debug|x86
		{79068888-B03D-4874-ADDC-6A9F31FC6A74}.Debug|x86.Build.0 = Debug|x86
		{79068888-B03D-4874-ADDC-6A9F31FC6A74}.Release|Any CPU.ActiveCfg = Release|x86
		{79068888-B03D-4874-ADDC-6A9F31FC6A74}.Release|Mixed Platforms.ActiveCfg = Release|x86
		{79068888-B03D-4874-ADDC-6A9F31FC6A74}.Release|Mixed Platforms.Build.0 = Release|x86
		{79068888-B03D-4874-ADDC-6A9F31FC6A74}.Release|x86.ActiveCfg = Release|x86
		{79068888-B03D-4874-ADDC-6A9F31FC6A74}.Release|x86.Build.0 = Release|x86
		{BDE08307-05F0-49BF-AD47-637DBC498EBD}.Debug|Any CPU.ActiveCfg = Debug|Any CPU
		{BDE08307-05F0-49BF-AD47-637DBC498EBD}.Debug|Any CPU.Build.0 = Debug|Any CPU
		{BDE08307-05F0-49BF-AD47-637DBC498EBD}.Debug|Mixed Platforms.ActiveCfg = Debug|Any CPU
		{BDE08307-05F0-49BF-AD47-637DBC498EBD}.Debug|Mixed Platforms.Build.0 = Debug|Any CPU
		{BDE08307-05F0-49BF-AD47-637DBC498EBD}.Debug|x86.ActiveCfg = Debug|Any CPU
		{BDE08307-05F0-49BF-AD47-637DBC498EBD}.Release|Any CPU.ActiveCfg = Release|Any CPU
		{BDE08307-05F0-49BF-AD47-637DBC498EBD}.Release|Any CPU.Build.0 = Release|Any CPU
		{BDE08307-05F0-49BF-AD47-637DBC498EBD}.Release|Mixed Platforms.ActiveCfg = Release|Any CPU
		{BDE08307-05F0-49BF-AD47-637DBC498EBD}.Release|Mixed Platforms.Build.0 = Release|Any CPU
		{BDE08307-05F0-49BF-AD47-637DBC498EBD}.Release|x86.ActiveCfg = Release|Any CPU
		{765F0627-0AD0-4959-82BF-63CFC25F4C09}.Debug|Any CPU.ActiveCfg = Debug|Any CPU
		{765F0627-0AD0-4959-82BF-63CFC25F4C09}.Debug|Any CPU.Build.0 = Debug|Any CPU
		{765F0627-0AD0-4959-82BF-63CFC25F4C09}.Debug|Mixed Platforms.ActiveCfg = Debug|Any CPU
		{765F0627-0AD0-4959-82BF-63CFC25F4C09}.Debug|Mixed Platforms.Build.0 = Debug|Any CPU
		{765F0627-0AD0-4959-82BF-63CFC25F4C09}.Debug|x86.ActiveCfg = Debug|Any CPU
		{765F0627-0AD0-4959-82BF-63CFC25F4C09}.Release|Any CPU.ActiveCfg = Release|Any CPU
		{765F0627-0AD0-4959-82BF-63CFC25F4C09}.Release|Any CPU.Build.0 = Release|Any CPU
		{765F0627-0AD0-4959-82BF-63CFC25F4C09}.Release|Mixed Platforms.ActiveCfg = Release|Any CPU
		{765F0627-0AD0-4959-82BF-63CFC25F4C09}.Release|Mixed Platforms.Build.0 = Release|Any CPU
		{765F0627-0AD0-4959-82BF-63CFC25F4C09}.Release|x86.ActiveCfg = Release|Any CPU
	EndGlobalSection
	GlobalSection(SolutionProperties) = preSolution
		HideSolutionNode = FALSE
	EndGlobalSection
EndGlobal
